
Microsoft Visual Studio Solution File, Format Version 12.00
# Visual Studio Version 17
VisualStudioVersion = 17.5.33627.172
MinimumVisualStudioVersion = 10.0.40219.1
Project("{FAE04EC0-301F-11D3-BF4B-00C04F79EFBC}") = "VerifyEmailForgotPassword", "VerifyEmailForgotPassword\VerifyEmailForgotPassword.csproj", "{36687AC7-6A9B-40B5-9A79-88D7B02549BD}"
EndProject
Global
	GlobalSection(SolutionConfigurationPlatforms) = preSolution
		Debug|Any CPU = Debug|Any CPU
		Release|Any CPU = Release|Any CPU
	EndGlobalSection
	GlobalSection(ProjectConfigurationPlatforms) = postSolution
		{36687AC7-6A9B-40B5-9A79-88D7B02549BD}.Debug|Any CPU.ActiveCfg = Debug|Any CPU
		{36687AC7-6A9B-40B5-9A79-88D7B02549BD}.Debug|Any CPU.Build.0 = Debug|Any CPU
		{36687AC7-6A9B-40B5-9A79-88D7B02549BD}.Release|Any CPU.ActiveCfg = Release|Any CPU
		{36687AC7-6A9B-40B5-9A79-88D7B02549BD}.Release|Any CPU.Build.0 = Release|Any CPU
	EndGlobalSection
	GlobalSection(SolutionProperties) = preSolution
		HideSolutionNode = FALSE
	EndGlobalSection
	GlobalSection(ExtensibilityGlobals) = postSolution
		SolutionGuid = {2B0FDD41-A4CD-4649-984F-4D344D128241}
	EndGlobalSection
EndGlobal
